
Microsoft Visual Studio Solution File, Format Version 12.00
# Visual Studio Version 17
VisualStudioVersion = 17.6.33717.318
MinimumVisualStudioVersion = 10.0.40219.1
Project("{FAE04EC0-301F-11D3-BF4B-00C04F79EFBC}") = "TestingDropDownAutomation", "TestingDropDownAutomation\TestingDropDownAutomation.csproj", "{66D95D7F-76E4-49BB-B7DF-2861C78F96C2}"
EndProject
Global
	GlobalSection(SolutionConfigurationPlatforms) = preSolution
		Debug|Any CPU = Debug|Any CPU
		Release|Any CPU = Release|Any CPU
	EndGlobalSection
	GlobalSection(ProjectConfigurationPlatforms) = postSolution
		{66D95D7F-76E4-49BB-B7DF-2861C78F96C2}.Debug|Any CPU.ActiveCfg = Debug|Any CPU
		{66D95D7F-76E4-49BB-B7DF-2861C78F96C2}.Debug|Any CPU.Build.0 = Debug|Any CPU
		{66D95D7F-76E4-49BB-B7DF-2861C78F96C2}.Release|Any CPU.ActiveCfg = Release|Any CPU
		{66D95D7F-76E4-49BB-B7DF-2861C78F96C2}.Release|Any CPU.Build.0 = Release|Any CPU
	EndGlobalSection
	GlobalSection(SolutionProperties) = preSolution
		HideSolutionNode = FALSE
	EndGlobalSection
	GlobalSection(ExtensibilityGlobals) = postSolution
		SolutionGuid = {6383AD6C-2D27-4900-B957-90BFE3A5760E}
	EndGlobalSection
EndGlobal
